
Microsoft Visual Studio Solution File, Format Version 12.00
# Visual Studio 2017
Project("{FAE04EC0-301F-11D3-BF4B-00C04F79EFBC}") = "Tanks Unity Tutorial", "Tanks Unity Tutorial.csproj", "{DCDC6673-B4D7-5628-AC06-3FBFA56D9919}"
EndProject
Project("{FAE04EC0-301F-11D3-BF4B-00C04F79EFBC}") = "Tanks Unity Tutorial.Editor", "Tanks Unity Tutorial.Editor.csproj", "{BA2C73C3-A12D-914F-A98D-20C611540CF7}"
EndProject
Global
	GlobalSection(SolutionConfigurationPlatforms) = preSolution
		Debug|Any CPU = Debug|Any CPU
		Release|Any CPU = Release|Any CPU
	EndGlobalSection
	GlobalSection(ProjectConfigurationPlatforms) = postSolution
		{DCDC6673-B4D7-5628-AC06-3FBFA56D9919}.Debug|Any CPU.ActiveCfg = Debug|Any CPU
		{DCDC6673-B4D7-5628-AC06-3FBFA56D9919}.Debug|Any CPU.Build.0 = Debug|Any CPU
		{DCDC6673-B4D7-5628-AC06-3FBFA56D9919}.Release|Any CPU.ActiveCfg = Release|Any CPU
		{DCDC6673-B4D7-5628-AC06-3FBFA56D9919}.Release|Any CPU.Build.0 = Release|Any CPU
		{BA2C73C3-A12D-914F-A98D-20C611540CF7}.Debug|Any CPU.ActiveCfg = Debug|Any CPU
		{BA2C73C3-A12D-914F-A98D-20C611540CF7}.Debug|Any CPU.Build.0 = Debug|Any CPU
		{BA2C73C3-A12D-914F-A98D-20C611540CF7}.Release|Any CPU.ActiveCfg = Release|Any CPU
		{BA2C73C3-A12D-914F-A98D-20C611540CF7}.Release|Any CPU.Build.0 = Release|Any CPU
	EndGlobalSection
	GlobalSection(SolutionProperties) = preSolution
		HideSolutionNode = FALSE
	EndGlobalSection
EndGlobal
